github.com/joho/godotenv v1.5.1 h1:7eLL/+HRGLY0ldzfGMeQkb7vMd0as4CfYvUVzLqw0N0=
github.com/joho/godotenv v1.5.1/go.mod h1:f4LDr5Voq0i2e/R5DDNOoa2zzDfwtkZa6DnEwAbqwq4=
github.com/stripe/stripe-go/v84 v84.4.1 h1:ixq1fG3y0k4OORVaN+LFAMBFaWiMrvKIcR9dSqT6gD8=
github.com/stripe/stripe-go/v84 v84.4.1/go.mod h1:Z4gcKw1zl4geDG2+cjpSaJES9jaohGX6n7FP8/kHIqw=
